
Microsoft Visual Studio Solution File, Format Version 12.00
# Visual Studio Version 16
VisualStudioVersion = 16.0.29926.136
MinimumVisualStudioVersion = 10.0.40219.1
Project("{FAE04EC0-301F-11D3-BF4B-00C04F79EFBC}") = "SportsStore.Domain", "Domain\SportsStore.Domain.csproj", "{775DC343-FB2F-4EA3-B3DF-F5413B5D4DDB}"
EndProject
Project("{FAE04EC0-301F-11D3-BF4B-00C04F79EFBC}") = "SportsStore.WebUI", "WebUI\SportsStore.WebUI.csproj", "{FD6493AC-96AC-4992-A971-ED12BAE4F90A}"
EndProject
Project("{FAE04EC0-301F-11D3-BF4B-00C04F79EFBC}") = "SportsStore.UnitTests", "SportsStore.UnitTests\SportsStore.UnitTests.csproj", "{4332F584-41BB-4A76-99CE-2186D9473404}"
EndProject
Global
	GlobalSection(SolutionConfigurationPlatforms) = preSolution
		Debug|Any CPU = Debug|Any CPU
		Release|Any CPU = Release|Any CPU
	EndGlobalSection
	GlobalSection(ProjectConfigurationPlatforms) = postSolution
		{775DC343-FB2F-4EA3-B3DF-F5413B5D4DDB}.Debug|Any CPU.ActiveCfg = Debug|Any CPU
		{775DC343-FB2F-4EA3-B3DF-F5413B5D4DDB}.Debug|Any CPU.Build.0 = Debug|Any CPU
		{775DC343-FB2F-4EA3-B3DF-F5413B5D4DDB}.Release|Any CPU.ActiveCfg = Release|Any CPU
		{775DC343-FB2F-4EA3-B3DF-F5413B5D4DDB}.Release|Any CPU.Build.0 = Release|Any CPU
		{FD6493AC-96AC-4992-A971-ED12BAE4F90A}.Debug|Any CPU.ActiveCfg = Debug|Any CPU
		{FD6493AC-96AC-4992-A971-ED12BAE4F90A}.Debug|Any CPU.Build.0 = Debug|Any CPU
		{FD6493AC-96AC-4992-A971-ED12BAE4F90A}.Release|Any CPU.ActiveCfg = Release|Any CPU
		{FD6493AC-96AC-4992-A971-ED12BAE4F90A}.Release|Any CPU.Build.0 = Release|Any CPU
		{4332F584-41BB-4A76-99CE-2186D9473404}.Debug|Any CPU.ActiveCfg = Debug|Any CPU
		{4332F584-41BB-4A76-99CE-2186D9473404}.Debug|Any CPU.Build.0 = Debug|Any CPU
		{4332F584-41BB-4A76-99CE-2186D9473404}.Release|Any CPU.ActiveCfg = Release|Any CPU
		{4332F584-41BB-4A76-99CE-2186D9473404}.Release|Any CPU.Build.0 = Release|Any CPU
	EndGlobalSection
	GlobalSection(SolutionProperties) = preSolution
		HideSolutionNode = FALSE
	EndGlobalSection
	GlobalSection(ExtensibilityGlobals) = postSolution
		SolutionGuid = {1B3670FD-3564-4A02-81D5-263C5A49FB37}
	EndGlobalSection
EndGlobal
